// !$*UTF8*$!
{
	archiveVersion = 1;
	classes = {
	};
	objectVersion = 77;
	objects = {

/* Begin PBXBuildFile section */
		7E5B80E92E4CCAE8005D114F /* CoreGPX in Frameworks */ = {isa = PBXBuildFile; productRef = 7E5B80E82E4CCAE8005D114F /* CoreGPX */; };
		7E6A9AC62EA8812E0038B160 /* .gitignore in Resources */ = {isa = PBXBuildFile; fileRef = 7E6A9AC52EA881220038B160 /* .gitignore */; };
		7E79A4762EE480DB0082A94C /* Auth in Frameworks */ = {isa = PBXBuildFile; productRef = 7E79A4752EE480DB0082A94C /* Auth */; };
		7E79A4782EE480DB0082A94C /* PostgREST in Frameworks */ = {isa = PBXBuildFile; productRef = 7E79A4772EE480DB0082A94C /* PostgREST */; };
		7E79A47A2EE480DB0082A94C /* Realtime in Frameworks */ = {isa = PBXBuildFile; productRef = 7E79A4792EE480DB0082A94C /* Realtime */; };
		7E79A47C2EE480DB0082A94C /* Storage in Frameworks */ = {isa = PBXBuildFile; productRef = 7E79A47B2EE480DB0082A94C /* Storage */; };
		7E79A47E2EE480DB0082A94C /* Supabase in Frameworks */ = {isa = PBXBuildFile; productRef = 7E79A47D2EE480DB0082A94C /* Supabase */; };
		7E87E9262F12EDC00050060A /* RideWeatherWatch Watch App.app in Embed Watch Content */ = {isa = PBXBuildFile; fileRef = 7E87E91C2F12EDBF0050060A /* RideWeatherWatch Watch App.app */; settings = {ATTRIBUTES = (RemoveHeadersOnCopy, ); }; };
		7E87E9512F15F2840050060A /* WidgetKit.framework in Frameworks */ = {isa = PBXBuildFile; fileRef = 7E87E9502F15F2840050060A /* WidgetKit.framework */; };
		7E87E9532F15F2840050060A /* SwiftUI.framework in Frameworks */ = {isa = PBXBuildFile; fileRef = 7E87E9522F15F2840050060A /* SwiftUI.framework */; };
		7E87E9602F15F2850050060A /* RideWeatherComplicationsExtension.appex in Embed Foundation Extensions */ = {isa = PBXBuildFile; fileRef = 7E87E94E2F15F2840050060A /* RideWeatherComplicationsExtension.appex */; settings = {ATTRIBUTES = (RemoveHeadersOnCopy, ); }; };
		7E96CD292E7F7A2F009475FA /* FITSwiftSDK in Frameworks */ = {isa = PBXBuildFile; productRef = 7E96CD282E7F7A2F009475FA /* FITSwiftSDK */; };
		7EAE7C3A2E6F35EE006C9634 /* Solar in Frameworks */ = {isa = PBXBuildFile; productRef = 7EAE7C392E6F35EE006C9634 /* Solar */; };
		7EB9FF512E5CBFE000157204 /* FitFileParser in Frameworks */ = {isa = PBXBuildFile; productRef = 7EB9FF502E5CBFE000157204 /* FitFileParser */; };
/* End PBXBuildFile section */

/* Begin PBXContainerItemProxy section */
		7E87E9242F12EDC00050060A /* PBXContainerItemProxy */ = {
			isa = PBXContainerItemProxy;
			containerPortal = 7E5B80A32E4C3B2D005D114F /* Project object */;
			proxyType = 1;
			remoteGlobalIDString = 7E87E91B2F12EDBF0050060A;
			remoteInfo = "RideWeatherWatch Watch App";
		};
		7E87E95E2F15F2850050060A /* PBXContainerItemProxy */ = {
			isa = PBXContainerItemProxy;
			containerPortal = 7E5B80A32E4C3B2D005D114F /* Project object */;
			proxyType = 1;
			remoteGlobalIDString = 7E87E94D2F15F2840050060A;
			remoteInfo = RideWeatherComplicationsExtension;
		};
/* End PBXContainerItemProxy section */

/* Begin PBXCopyFilesBuildPhase section */
		7E87E92A2F12EDC00050060A /* Embed Watch Content */ = {
			isa = PBXCopyFilesBuildPhase;
			buildActionMask = 2147483647;
			dstPath = "$(CONTENTS_FOLDER_PATH)/Watch";
			dstSubfolderSpec = 16;
			files = (
				7E87E9262F12EDC00050060A /* RideWeatherWatch Watch App.app in Embed Watch Content */,
			);
			name = "Embed Watch Content";
			runOnlyForDeploymentPostprocessing = 0;
		};
		7E87E9652F15F2850050060A /* Embed Foundation Extensions */ = {
			isa = PBXCopyFilesBuildPhase;
			buildActionMask = 2147483647;
			dstPath = "";
			dstSubfolderSpec = 13;
			files = (
				7E87E9602F15F2850050060A /* RideWeatherComplicationsExtension.appex in Embed Foundation Extensions */,
			);
			name = "Embed Foundation Extensions";
			runOnlyForDeploymentPostprocessing = 0;
		};
/* End PBXCopyFilesBuildPhase section */

/* Begin PBXFileReference section */
		7E5B80AB2E4C3B2D005D114F /* RideWeather Pro.app */ = {isa = PBXFileReference; explicitFileType = wrapper.application; includeInIndex = 0; path = "RideWeather Pro.app"; sourceTree = BUILT_PRODUCTS_DIR; };
		7E6A9AC52EA881220038B160 /* .gitignore */ = {isa = PBXFileReference; lastKnownFileType = text; path = .gitignore; sourceTree = "<group>"; };
		7E87E91C2F12EDBF0050060A /* RideWeatherWatch Watch App.app */ = {isa = PBXFileReference; explicitFileType = wrapper.application; includeInIndex = 0; path = "RideWeatherWatch Watch App.app"; sourceTree = BUILT_PRODUCTS_DIR; };
		7E87E94E2F15F2840050060A /* RideWeatherComplicationsExtension.appex */ = {isa = PBXFileReference; explicitFileType = "wrapper.app-extension"; includeInIndex = 0; path = RideWeatherComplicationsExtension.appex; sourceTree = BUILT_PRODUCTS_DIR; };
		7E87E9502F15F2840050060A /* WidgetKit.framework */ = {isa = PBXFileReference; lastKnownFileType = wrapper.framework; name = WidgetKit.framework; path = System/Library/Frameworks/WidgetKit.framework; sourceTree = SDKROOT; };
		7E87E9522F15F2840050060A /* SwiftUI.framework */ = {isa = PBXFileReference; lastKnownFileType = wrapper.framework; name = SwiftUI.framework; path = System/Library/Frameworks/SwiftUI.framework; sourceTree = SDKROOT; };
		7E87E9662F15F29F0050060A /* RideWeatherComplicationsExtension.entitlements */ = {isa = PBXFileReference; lastKnownFileType = text.plist.entitlements; path = RideWeatherComplicationsExtension.entitlements; sourceTree = "<group>"; };
/* End PBXFileReference section */

/* Begin PBXFileSystemSynchronizedRootGroup section */
		7E5B80AD2E4C3B2D005D114F /* RideWeather Pro */ = {
			isa = PBXFileSystemSynchronizedRootGroup;
			path = "RideWeather Pro";
			sourceTree = "<group>";
		};
		7E87E91D2F12EDBF0050060A /* RideWeatherWatch Watch App */ = {
			isa = PBXFileSystemSynchronizedRootGroup;
			path = "RideWeatherWatch Watch App";
			sourceTree = "<group>";
		};
		7E87E9542F15F2840050060A /* RideWeatherComplications */ = {
			isa = PBXFileSystemSynchronizedRootGroup;
			path = RideWeatherComplications;
			sourceTree = "<group>";
		};
/* End PBXFileSystemSynchronizedRootGroup section */

/* Begin PBXFrameworksBuildPhase section */
		7E5B80A82E4C3B2D005D114F /* Frameworks */ = {
			isa = PBXFrameworksBuildPhase;
			buildActionMask = 2147483647;
			files = (
				7E79A47A2EE480DB0082A94C /* Realtime in Frameworks */,
				7E79A4782EE480DB0082A94C /* PostgREST in Frameworks */,
				7EAE7C3A2E6F35EE006C9634 /* Solar in Frameworks */,
				7E96CD292E7F7A2F009475FA /* FITSwiftSDK in Frameworks */,
				7E79A47C2EE480DB0082A94C /* Storage in Frameworks */,
				7E79A47E2EE480DB0082A94C /* Supabase in Frameworks */,
				7E5B80E92E4CCAE8005D114F /* CoreGPX in Frameworks */,
				7E79A4762EE480DB0082A94C /* Auth in Frameworks */,
				7EB9FF512E5CBFE000157204 /* FitFileParser in Frameworks */,
			);
			runOnlyForDeploymentPostprocessing = 0;
		};
		7E87E9192F12EDBF0050060A /* Frameworks */ = {
			isa = PBXFrameworksBuildPhase;
			buildActionMask = 2147483647;
			files = (
			);
			runOnlyForDeploymentPostprocessing = 0;
		};
		7E87E94B2F15F2840050060A /* Frameworks */ = {
			isa = PBXFrameworksBuildPhase;
			buildActionMask = 2147483647;
			files = (
				7E87E9532F15F2840050060A /* SwiftUI.framework in Frameworks */,
				7E87E9512F15F2840050060A /* WidgetKit.framework in Frameworks */,
			);
			runOnlyForDeploymentPostprocessing = 0;
		};
/* End PBXFrameworksBuildPhase section */

/* Begin PBXGroup section */
		7E5B80A22E4C3B2D005D114F = {
			isa = PBXGroup;
			children = (
				7E87E9662F15F29F0050060A /* RideWeatherComplicationsExtension.entitlements */,
				7E6A9AC52EA881220038B160 /* .gitignore */,
				7E5B80AD2E4C3B2D005D114F /* RideWeather Pro */,
				7E87E91D2F12EDBF0050060A /* RideWeatherWatch Watch App */,
				7E87E9542F15F2840050060A /* RideWeatherComplications */,
				7E87E94F2F15F2840050060A /* Frameworks */,
				7E5B80AC2E4C3B2D005D114F /* Products */,
			);
			sourceTree = "<group>";
		};
		7E5B80AC2E4C3B2D005D114F /* Products */ = {
			isa = PBXGroup;
			children = (
				7E5B80AB2E4C3B2D005D114F /* RideWeather Pro.app */,
				7E87E91C2F12EDBF0050060A /* RideWeatherWatch Watch App.app */,
				7E87E94E2F15F2840050060A /* RideWeatherComplicationsExtension.appex */,
			);
			name = Products;
			sourceTree = "<group>";
		};
		7E87E94F2F15F2840050060A /* Frameworks */ = {
			isa = PBXGroup;
			children = (
				7E87E9502F15F2840050060A /* WidgetKit.framework */,
				7E87E9522F15F2840050060A /* SwiftUI.framework */,
			);
			name = Frameworks;
			sourceTree = "<group>";
		};
/* End PBXGroup section */

/* Begin PBXNativeTarget section */
		7E5B80AA2E4C3B2D005D114F /* RideWeather Pro */ = {
			isa = PBXNativeTarget;
			buildConfigurationList = 7E5B80B82E4C3B2E005D114F /* Build configuration list for PBXNativeTarget "RideWeather Pro" */;
			buildPhases = (
				7E5B80A72E4C3B2D005D114F /* Sources */,
				7E5B80A82E4C3B2D005D114F /* Frameworks */,
				7E5B80A92E4C3B2D005D114F /* Resources */,
				7E87E92A2F12EDC00050060A /* Embed Watch Content */,
			);
			buildRules = (
			);
			dependencies = (
				7E87E9252F12EDC00050060A /* PBXTargetDependency */,
			);
			fileSystemSynchronizedGroups = (
				7E5B80AD2E4C3B2D005D114F /* RideWeather Pro */,
			);
			name = "RideWeather Pro";
			packageProductDependencies = (
				7E5B80E82E4CCAE8005D114F /* CoreGPX */,
				7EB9FF502E5CBFE000157204 /* FitFileParser */,
				7EAE7C392E6F35EE006C9634 /* Solar */,
				7E96CD282E7F7A2F009475FA /* FITSwiftSDK */,
				7E79A4752EE480DB0082A94C /* Auth */,
				7E79A4772EE480DB0082A94C /* PostgREST */,
				7E79A4792EE480DB0082A94C /* Realtime */,
				7E79A47B2EE480DB0082A94C /* Storage */,
				7E79A47D2EE480DB0082A94C /* Supabase */,
			);
			productName = "RideWeather Pro";
			productReference = 7E5B80AB2E4C3B2D005D114F /* RideWeather Pro.app */;
			productType = "com.apple.product-type.application";
		};
		7E87E91B2F12EDBF0050060A /* RideWeatherWatch Watch App */ = {
			isa = PBXNativeTarget;
			buildConfigurationList = 7E87E9272F12EDC00050060A /* Build configuration list for PBXNativeTarget "RideWeatherWatch Watch App" */;
			buildPhases = (
				7E87E9182F12EDBF0050060A /* Sources */,
				7E87E9192F12EDBF0050060A /* Frameworks */,
				7E87E91A2F12EDBF0050060A /* Resources */,
				7E87E9652F15F2850050060A /* Embed Foundation Extensions */,
			);
			buildRules = (
			);
			dependencies = (
				7E87E95F2F15F2850050060A /* PBXTargetDependency */,
			);
			fileSystemSynchronizedGroups = (
				7E87E91D2F12EDBF0050060A /* RideWeatherWatch Watch App */,
			);
			name = "RideWeatherWatch Watch App";
			packageProductDependencies = (
			);
			productName = "RideWeatherWatch Watch App";
			productReference = 7E87E91C2F12EDBF0050060A /* RideWeatherWatch Watch App.app */;
			productType = "com.apple.product-type.application";
		};
		7E87E94D2F15F2840050060A /* RideWeatherComplicationsExtension */ = {
			isa = PBXNativeTarget;
			buildConfigurationList = 7E87E9612F15F2850050060A /* Build configuration list for PBXNativeTarget "RideWeatherComplicationsExtension" */;
			buildPhases = (
				7E87E94A2F15F2840050060A /* Sources */,
				7E87E94B2F15F2840050060A /* Frameworks */,
				7E87E94C2F15F2840050060A /* Resources */,
			);
			buildRules = (
			);
			dependencies = (
			);
			fileSystemSynchronizedGroups = (
				7E87E9542F15F2840050060A /* RideWeatherComplications */,
			);
			name = RideWeatherComplicationsExtension;
			packageProductDependencies = (
			);
			productName = RideWeatherComplicationsExtension;
			productReference = 7E87E94E2F15F2840050060A /* RideWeatherComplicationsExtension.appex */;
			productType = "com.apple.product-type.app-extension";
		};
/* End PBXNativeTarget section */

/* Begin PBXProject section */
		7E5B80A32E4C3B2D005D114F /* Project object */ = {
			isa = PBXProject;
			attributes = {
				BuildIndependentTargetsInParallel = 1;
				LastSwiftUpdateCheck = 2620;
				LastUpgradeCheck = 2610;
				TargetAttributes = {
					7E5B80AA2E4C3B2D005D114F = {
						CreatedOnToolsVersion = 26.0;
					};
					7E87E91B2F12EDBF0050060A = {
						CreatedOnToolsVersion = 26.2;
					};
					7E87E94D2F15F2840050060A = {
						CreatedOnToolsVersion = 26.2;
					};
				};
			};
			buildConfigurationList = 7E5B80A62E4C3B2D005D114F /* Build configuration list for PBXProject "RideWeather Pro" */;
			developmentRegion = en;
			hasScannedForEncodings = 0;
			knownRegions = (
				en,
				Base,
			);
			mainGroup = 7E5B80A22E4C3B2D005D114F;
			minimizedProjectReferenceProxies = 1;
			packageReferences = (
				7E5B80E72E4CCAE8005D114F /* XCRemoteSwiftPackageReference "CoreGPX" */,
				7EB9FF4F2E5CBFE000157204 /* XCRemoteSwiftPackageReference "FitFileParser" */,
				7EAE7C382E6F35EE006C9634 /* XCRemoteSwiftPackageReference "Solar" */,
				7E96CD272E7F7A2F009475FA /* XCRemoteSwiftPackageReference "fit-swift-sdk" */,
				7E79A4742EE480DB0082A94C /* XCRemoteSwiftPackageReference "supabase-swift" */,
			);
			preferredProjectObjectVersion = 77;
			productRefGroup = 7E5B80AC2E4C3B2D005D114F /* Products */;
			projectDirPath = "";
			projectRoot = "";
			targets = (
				7E5B80AA2E4C3B2D005D114F /* RideWeather Pro */,
				7E87E91B2F12EDBF0050060A /* RideWeatherWatch Watch App */,
				7E87E94D2F15F2840050060A /* RideWeatherComplicationsExtension */,
			);
		};
/* End PBXProject section */

/* Begin PBXResourcesBuildPhase section */
		7E5B80A92E4C3B2D005D114F /* Resources */ = {
			isa = PBXResourcesBuildPhase;
			buildActionMask = 2147483647;
			files = (
				7E6A9AC62EA8812E0038B160 /* .gitignore in Resources */,
			);
			runOnlyForDeploymentPostprocessing = 0;
		};
		7E87E91A2F12EDBF0050060A /* Resources */ = {
			isa = PBXResourcesBuildPhase;
			buildActionMask = 2147483647;
			files = (
			);
			runOnlyForDeploymentPostprocessing = 0;
		};
		7E87E94C2F15F2840050060A /* Resources */ = {
			isa = PBXResourcesBuildPhase;
			buildActionMask = 2147483647;
			files = (
			);
			runOnlyForDeploymentPostprocessing = 0;
		};
/* End PBXResourcesBuildPhase section */

/* Begin PBXSourcesBuildPhase section */
		7E5B80A72E4C3B2D005D114F /* Sources */ = {
			isa = PBXSourcesBuildPhase;
			buildActionMask = 2147483647;
			files = (
			);
			runOnlyForDeploymentPostprocessing = 0;
		};
		7E87E9182F12EDBF0050060A /* Sources */ = {
			isa = PBXSourcesBuildPhase;
			buildActionMask = 2147483647;
			files = (
			);
			runOnlyForDeploymentPostprocessing = 0;
		};
		7E87E94A2F15F2840050060A /* Sources */ = {
			isa = PBXSourcesBuildPhase;
			buildActionMask = 2147483647;
			files = (
			);
			runOnlyForDeploymentPostprocessing = 0;
		};
/* End PBXSourcesBuildPhase section */

/* Begin PBXTargetDependency section */
		7E87E9252F12EDC00050060A /* PBXTargetDependency */ = {
			isa = PBXTargetDependency;
			target = 7E87E91B2F12EDBF0050060A /* RideWeatherWatch Watch App */;
			targetProxy = 7E87E9242F12EDC00050060A /* PBXContainerItemProxy */;
		};
		7E87E95F2F15F2850050060A /* PBXTargetDependency */ = {
			isa = PBXTargetDependency;
			target = 7E87E94D2F15F2840050060A /* RideWeatherComplicationsExtension */;
			targetProxy = 7E87E95E2F15F2850050060A /* PBXContainerItemProxy */;
		};
/* End PBXTargetDependency section */

/* Begin XCBuildConfiguration section */
		7E5B80B62E4C3B2E005D114F /* Debug */ = {
			isa = XCBuildConfiguration;
			buildSettings = {
				ALWAYS_SEARCH_USER_PATHS = NO;
				ASSETCATALOG_COMPILER_GENERATE_SWIFT_ASSET_SYMBOL_EXTENSIONS = YES;
				CLANG_ANALYZER_NONNULL = YES;
				CLANG_ANALYZER_NUMBER_OBJECT_CONVERSION = YES_AGGRESSIVE;
				CLANG_CXX_LANGUAGE_STANDARD = "gnu++20";
				CLANG_ENABLE_MODULES = YES;
				CLANG_ENABLE_OBJC_ARC = YES;
				CLANG_ENABLE_OBJC_WEAK = YES;
				CLANG_WARN_BLOCK_CAPTURE_AUTORELEASING = YES;
				CLANG_WARN_BOOL_CONVERSION = YES;
				CLANG_WARN_COMMA = YES;
				CLANG_WARN_CONSTANT_CONVERSION = YES;
				CLANG_WARN_DEPRECATED_OBJC_IMPLEMENTATIONS = YES;
				CLANG_WARN_DIRECT_OBJC_ISA_USAGE = YES_ERROR;
				CLANG_WARN_DOCUMENTATION_COMMENTS = YES;
				CLANG_WARN_EMPTY_BODY = YES;
				CLANG_WARN_ENUM_CONVERSION = YES;
				CLANG_WARN_INFINITE_RECURSION = YES;
				CLANG_WARN_INT_CONVERSION = YES;
				CLANG_WARN_NON_LITERAL_NULL_CONVERSION = YES;
				CLANG_WARN_OBJC_IMPLICIT_RETAIN_SELF = YES;
				CLANG_WARN_OBJC_LITERAL_CONVERSION = YES;
				CLANG_WARN_OBJC_ROOT_CLASS = YES_ERROR;
				CLANG_WARN_QUOTED_INCLUDE_IN_FRAMEWORK_HEADER = YES;
				CLANG_WARN_RANGE_LOOP_ANALYSIS = YES;
				CLANG_WARN_STRICT_PROTOTYPES = YES;
				CLANG_WARN_SUSPICIOUS_MOVE = YES;
				CLANG_WARN_UNGUARDED_AVAILABILITY = YES_AGGRESSIVE;
				CLANG_WARN_UNREACHABLE_CODE = YES;
				CLANG_WARN__DUPLICATE_METHOD_MATCH = YES;
				COPY_PHASE_STRIP = NO;
				DEBUG_INFORMATION_FORMAT = dwarf;
				DEVELOPMENT_TEAM = DT58WA8N32;
				ENABLE_STRICT_OBJC_MSGSEND = YES;
				ENABLE_TESTABILITY = YES;
				ENABLE_USER_SCRIPT_SANDBOXING = YES;
				GCC_C_LANGUAGE_STANDARD = gnu17;
				GCC_DYNAMIC_NO_PIC = NO;
				GCC_NO_COMMON_BLOCKS = YES;
				GCC_OPTIMIZATION_LEVEL = 0;
				GCC_PREPROCESSOR_DEFINITIONS = (
					"DEBUG=1",
					"$(inherited)",
				);
				GCC_WARN_64_TO_32_BIT_CONVERSION = YES;
				GCC_WARN_ABOUT_RETURN_TYPE = YES_ERROR;
				GCC_WARN_UNDECLARED_SELECTOR = YES;
				GCC_WARN_UNINITIALIZED_AUTOS = YES_AGGRESSIVE;
				GCC_WARN_UNUSED_FUNCTION = YES;
				GCC_WARN_UNUSED_VARIABLE = YES;
				IPHONEOS_DEPLOYMENT_TARGET = 26.0;
				LOCALIZATION_PREFERS_STRING_CATALOGS = YES;
				MTL_ENABLE_DEBUG_INFO = INCLUDE_SOURCE;
				MTL_FAST_MATH = YES;
				ONLY_ACTIVE_ARCH = YES;
				SDKROOT = iphoneos;
				STRING_CATALOG_GENERATE_SYMBOLS = YES;
				SWIFT_ACTIVE_COMPILATION_CONDITIONS = "DEBUG $(inherited)";
				SWIFT_OPTIMIZATION_LEVEL = "-Onone";
			};
			name = Debug;
		};
		7E5B80B72E4C3B2E005D114F /* Release */ = {
			isa = XCBuildConfiguration;
			buildSettings = {
				ALWAYS_SEARCH_USER_PATHS = NO;
				ASSETCATALOG_COMPILER_GENERATE_SWIFT_ASSET_SYMBOL_EXTENSIONS = YES;
				CLANG_ANALYZER_NONNULL = YES;
				CLANG_ANALYZER_NUMBER_OBJECT_CONVERSION = YES_AGGRESSIVE;
				CLANG_CXX_LANGUAGE_STANDARD = "gnu++20";
				CLANG_ENABLE_MODULES = YES;
				CLANG_ENABLE_OBJC_ARC = YES;
				CLANG_ENABLE_OBJC_WEAK = YES;
				CLANG_WARN_BLOCK_CAPTURE_AUTORELEASING = YES;
				CLANG_WARN_BOOL_CONVERSION = YES;
				CLANG_WARN_COMMA = YES;
				CLANG_WARN_CONSTANT_CONVERSION = YES;
				CLANG_WARN_DEPRECATED_OBJC_IMPLEMENTATIONS = YES;
				CLANG_WARN_DIRECT_OBJC_ISA_USAGE = YES_ERROR;
				CLANG_WARN_DOCUMENTATION_COMMENTS = YES;
				CLANG_WARN_EMPTY_BODY = YES;
				CLANG_WARN_ENUM_CONVERSION = YES;
				CLANG_WARN_INFINITE_RECURSION = YES;
				CLANG_WARN_INT_CONVERSION = YES;
				CLANG_WARN_NON_LITERAL_NULL_CONVERSION = YES;
				CLANG_WARN_OBJC_IMPLICIT_RETAIN_SELF = YES;
				CLANG_WARN_OBJC_LITERAL_CONVERSION = YES;
				CLANG_WARN_OBJC_ROOT_CLASS = YES_ERROR;
				CLANG_WARN_QUOTED_INCLUDE_IN_FRAMEWORK_HEADER = YES;
				CLANG_WARN_RANGE_LOOP_ANALYSIS = YES;
				CLANG_WARN_STRICT_PROTOTYPES = YES;
				CLANG_WARN_SUSPICIOUS_MOVE = YES;
				CLANG_WARN_UNGUARDED_AVAILABILITY = YES_AGGRESSIVE;
				CLANG_WARN_UNREACHABLE_CODE = YES;
				CLANG_WARN__DUPLICATE_METHOD_MATCH = YES;
				COPY_PHASE_STRIP = NO;
				DEBUG_INFORMATION_FORMAT = "dwarf-with-dsym";
				DEVELOPMENT_TEAM = DT58WA8N32;
				ENABLE_NS_ASSERTIONS = NO;
				ENABLE_STRICT_OBJC_MSGSEND = YES;
				ENABLE_USER_SCRIPT_SANDBOXING = YES;
				GCC_C_LANGUAGE_STANDARD = gnu17;
				GCC_NO_COMMON_BLOCKS = YES;
				GCC_WARN_64_TO_32_BIT_CONVERSION = YES;
				GCC_WARN_ABOUT_RETURN_TYPE = YES_ERROR;
				GCC_WARN_UNDECLARED_SELECTOR = YES;
				GCC_WARN_UNINITIALIZED_AUTOS = YES_AGGRESSIVE;
				GCC_WARN_UNUSED_FUNCTION = YES;
				GCC_WARN_UNUSED_VARIABLE = YES;
				IPHONEOS_DEPLOYMENT_TARGET = 26.0;
				LOCALIZATION_PREFERS_STRING_CATALOGS = YES;
				MTL_ENABLE_DEBUG_INFO = NO;
				MTL_FAST_MATH = YES;
				SDKROOT = iphoneos;
				STRING_CATALOG_GENERATE_SYMBOLS = YES;
				SWIFT_COMPILATION_MODE = wholemodule;
				VALIDATE_PRODUCT = YES;
			};
			name = Release;
		};
		7E5B80B92E4C3B2E005D114F /* Debug */ = {
			isa = XCBuildConfiguration;
			buildSettings = {
				ASSETCATALOG_COMPILER_APPICON_NAME = AppIcon;
				ASSETCATALOG_COMPILER_GLOBAL_ACCENT_COLOR_NAME = AccentColor;
				CODE_SIGN_ENTITLEMENTS = "RideWeather Pro/RideWeather Pro.entitlements";
				CODE_SIGN_STYLE = Automatic;
				CURRENT_PROJECT_VERSION = 1.1;
				DEVELOPMENT_TEAM = DT58WA8N32;
				ENABLE_PREVIEWS = YES;
				GENERATE_INFOPLIST_FILE = YES;
				INFOPLIST_FILE = "RideWeather-Pro-Info.plist";
				INFOPLIST_KEY_NSHealthShareUsageDescription = "To provide readiness insights by correlating your training load (TSB) with recovery metrics (HRV, Resting HR, and Sleep).";
				INFOPLIST_KEY_NSHealthUpdateUsageDescription = "Connect Apple Health to get smarter readiness insights by correlating your training load with HRV, Resting HR, and Sleep.";
				INFOPLIST_KEY_NSLocationWhenInUseUsageDescription = "To provide local weather forecasts for your ride.";
				INFOPLIST_KEY_UIApplicationSceneManifest_Generation = YES;
				INFOPLIST_KEY_UIApplicationSupportsIndirectInputEvents = YES;
				INFOPLIST_KEY_UILaunchScreen_Generation = YES;
				INFOPLIST_KEY_UISupportedInterfaceOrientations = UIInterfaceOrientationPortrait;
				INFOPLIST_KEY_UISupportedInterfaceOrientations_iPad = "UIInterfaceOrientationLandscapeLeft UIInterfaceOrientationLandscapeRight UIInterfaceOrientationPortrait UIInterfaceOrientationPortraitUpsideDown";
				LD_RUNPATH_SEARCH_PATHS = (
					"$(inherited)",
					"@executable_path/Frameworks",
				);
				MARKETING_VERSION = 1.0;
				PRODUCT_BUNDLE_IDENTIFIER = "-.RideWeather-Pro";
				PRODUCT_NAME = "$(TARGET_NAME)";
				STRING_CATALOG_GENERATE_SYMBOLS = YES;
				SWIFT_APPROACHABLE_CONCURRENCY = YES;
				SWIFT_DEFAULT_ACTOR_ISOLATION = MainActor;
				SWIFT_EMIT_LOC_STRINGS = YES;
				SWIFT_UPCOMING_FEATURE_MEMBER_IMPORT_VISIBILITY = YES;
				SWIFT_VERSION = 5.0;
				TARGETED_DEVICE_FAMILY = "1,2";
			};
			name = Debug;
		};
		7E5B80BA2E4C3B2E005D114F /* Release */ = {
			isa = XCBuildConfiguration;
			buildSettings = {
				ASSETCATALOG_COMPILER_APPICON_NAME = AppIcon;
				ASSETCATALOG_COMPILER_GLOBAL_ACCENT_COLOR_NAME = AccentColor;
				CODE_SIGN_ENTITLEMENTS = "RideWeather Pro/RideWeather Pro.entitlements";
				CODE_SIGN_STYLE = Automatic;
				CURRENT_PROJECT_VERSION = 1.1;
				DEVELOPMENT_TEAM = DT58WA8N32;
				ENABLE_PREVIEWS = YES;
				GENERATE_INFOPLIST_FILE = YES;
				INFOPLIST_FILE = "RideWeather-Pro-Info.plist";
				INFOPLIST_KEY_NSHealthShareUsageDescription = "To provide readiness insights by correlating your training load (TSB) with recovery metrics (HRV, Resting HR, and Sleep).";
				INFOPLIST_KEY_NSHealthUpdateUsageDescription = "Connect Apple Health to get smarter readiness insights by correlating your training load with HRV, Resting HR, and Sleep.";
				INFOPLIST_KEY_NSLocationWhenInUseUsageDescription = "To provide local weather forecasts for your ride.";
				INFOPLIST_KEY_UIApplicationSceneManifest_Generation = YES;
				INFOPLIST_KEY_UIApplicationSupportsIndirectInputEvents = YES;
				INFOPLIST_KEY_UILaunchScreen_Generation = YES;
				INFOPLIST_KEY_UISupportedInterfaceOrientations = UIInterfaceOrientationPortrait;
				INFOPLIST_KEY_UISupportedInterfaceOrientations_iPad = "UIInterfaceOrientationLandscapeLeft UIInterfaceOrientationLandscapeRight UIInterfaceOrientationPortrait UIInterfaceOrientationPortraitUpsideDown";
				LD_RUNPATH_SEARCH_PATHS = (
					"$(inherited)",
					"@executable_path/Frameworks",
				);
				MARKETING_VERSION = 1.0;
				PRODUCT_BUNDLE_IDENTIFIER = "-.RideWeather-Pro";
				PRODUCT_NAME = "$(TARGET_NAME)";
				STRING_CATALOG_GENERATE_SYMBOLS = YES;
				SWIFT_APPROACHABLE_CONCURRENCY = YES;
				SWIFT_DEFAULT_ACTOR_ISOLATION = MainActor;
				SWIFT_EMIT_LOC_STRINGS = YES;
				SWIFT_UPCOMING_FEATURE_MEMBER_IMPORT_VISIBILITY = YES;
				SWIFT_VERSION = 5.0;
				TARGETED_DEVICE_FAMILY = "1,2";
			};
			name = Release;
		};
		7E87E9282F12EDC00050060A /* Debug */ = {
			isa = XCBuildConfiguration;
			buildSettings = {
				ASSETCATALOG_COMPILER_APPICON_NAME = AppIcon;
				ASSETCATALOG_COMPILER_GLOBAL_ACCENT_COLOR_NAME = AccentColor;
				CODE_SIGN_ENTITLEMENTS = "RideWeatherWatch Watch App/RideWeatherWatch Watch App.entitlements";
				CODE_SIGN_STYLE = Automatic;
				CURRENT_PROJECT_VERSION = 1;
				DEVELOPMENT_TEAM = DT58WA8N32;
				ENABLE_PREVIEWS = YES;
				GENERATE_INFOPLIST_FILE = YES;
				INFOPLIST_FILE = "RideWeatherWatch-Watch-App-Info.plist";
				INFOPLIST_KEY_CFBundleDisplayName = RideWeatherWatch;
				INFOPLIST_KEY_NSHealthShareUsageDescription = "Track daily steps for watch complications";
				INFOPLIST_KEY_NSHealthUpdateUsageDescription = "Not used";
				INFOPLIST_KEY_NSLocationWhenInUseUsageDescription = "Access your location to provide weather updates on watch complications";
				INFOPLIST_KEY_UISupportedInterfaceOrientations = "UIInterfaceOrientationPortrait UIInterfaceOrientationPortraitUpsideDown";
				INFOPLIST_KEY_WKCompanionAppBundleIdentifier = "-.RideWeather-Pro";
				LD_RUNPATH_SEARCH_PATHS = (
					"$(inherited)",
					"@executable_path/Frameworks",
				);
				MARKETING_VERSION = 1.0;
				PRODUCT_BUNDLE_IDENTIFIER = "-.RideWeather-Pro.watchkitapp";
				PRODUCT_NAME = "$(TARGET_NAME)";
				SDKROOT = watchos;
				SKIP_INSTALL = YES;
				STRING_CATALOG_GENERATE_SYMBOLS = YES;
				SWIFT_APPROACHABLE_CONCURRENCY = YES;
				SWIFT_DEFAULT_ACTOR_ISOLATION = MainActor;
				SWIFT_EMIT_LOC_STRINGS = YES;
				SWIFT_UPCOMING_FEATURE_MEMBER_IMPORT_VISIBILITY = YES;
				SWIFT_VERSION = 5.0;
				TARGETED_DEVICE_FAMILY = 4;
				WATCHOS_DEPLOYMENT_TARGET = 26.0;
			};
			name = Debug;
		};
		7E87E9292F12EDC00050060A /* Release */ = {
			isa = XCBuildConfiguration;
			buildSettings = {
				ASSETCATALOG_COMPILER_APPICON_NAME = AppIcon;
				ASSETCATALOG_COMPILER_GLOBAL_ACCENT_COLOR_NAME = AccentColor;
				CODE_SIGN_ENTITLEMENTS = "RideWeatherWatch Watch App/RideWeatherWatch Watch App.entitlements";
				CODE_SIGN_STYLE = Automatic;
				CURRENT_PROJECT_VERSION = 1;
				DEVELOPMENT_TEAM = DT58WA8N32;
				ENABLE_PREVIEWS = YES;
				GENERATE_INFOPLIST_FILE = YES;
				INFOPLIST_FILE = "RideWeatherWatch-Watch-App-Info.plist";
				INFOPLIST_KEY_CFBundleDisplayName = RideWeatherWatch;
				INFOPLIST_KEY_NSHealthShareUsageDescription = "Track daily steps for watch complications";
				INFOPLIST_KEY_NSHealthUpdateUsageDescription = "Not used";
				INFOPLIST_KEY_NSLocationWhenInUseUsageDescription = "Access your location to provide weather updates on watch complications";
				INFOPLIST_KEY_UISupportedInterfaceOrientations = "UIInterfaceOrientationPortrait UIInterfaceOrientationPortraitUpsideDown";
				INFOPLIST_KEY_WKCompanionAppBundleIdentifier = "-.RideWeather-Pro";
				LD_RUNPATH_SEARCH_PATHS = (
					"$(inherited)",
					"@executable_path/Frameworks",
				);
				MARKETING_VERSION = 1.0;
				PRODUCT_BUNDLE_IDENTIFIER = "-.RideWeather-Pro.watchkitapp";
				PRODUCT_NAME = "$(TARGET_NAME)";
				SDKROOT = watchos;
				SKIP_INSTALL = YES;
				STRING_CATALOG_GENERATE_SYMBOLS = YES;
				SWIFT_APPROACHABLE_CONCURRENCY = YES;
				SWIFT_DEFAULT_ACTOR_ISOLATION = MainActor;
				SWIFT_EMIT_LOC_STRINGS = YES;
				SWIFT_UPCOMING_FEATURE_MEMBER_IMPORT_VISIBILITY = YES;
				SWIFT_VERSION = 5.0;
				TARGETED_DEVICE_FAMILY = 4;
				WATCHOS_DEPLOYMENT_TARGET = 26.0;
			};
			name = Release;
		};
		7E87E9622F15F2850050060A /* Debug */ = {
			isa = XCBuildConfiguration;
			buildSettings = {
				ASSETCATALOG_COMPILER_GLOBAL_ACCENT_COLOR_NAME = AccentColor;
				ASSETCATALOG_COMPILER_WIDGET_BACKGROUND_COLOR_NAME = WidgetBackground;
				CODE_SIGN_ENTITLEMENTS = RideWeatherComplicationsExtension.entitlements;
				CODE_SIGN_STYLE = Automatic;
				CURRENT_PROJECT_VERSION = 1;
				DEVELOPMENT_TEAM = DT58WA8N32;
				GENERATE_INFOPLIST_FILE = YES;
				INFOPLIST_FILE = RideWeatherComplications/Info.plist;
				INFOPLIST_KEY_CFBundleDisplayName = RideWeatherComplications;
				INFOPLIST_KEY_NSHumanReadableCopyright = "";
				LD_RUNPATH_SEARCH_PATHS = (
					"$(inherited)",
					"@executable_path/Frameworks",
					"@executable_path/../../Frameworks",
					"@executable_path/../../../../Frameworks",
				);
				MARKETING_VERSION = 1.0;
				PRODUCT_BUNDLE_IDENTIFIER = "-.RideWeather-Pro.watchkitapp.RideWeatherComplications";
				PRODUCT_NAME = "$(TARGET_NAME)";
				SDKROOT = watchos;
				SKIP_INSTALL = YES;
				STRING_CATALOG_GENERATE_SYMBOLS = YES;
				SWIFT_APPROACHABLE_CONCURRENCY = YES;
				SWIFT_EMIT_LOC_STRINGS = YES;
				SWIFT_UPCOMING_FEATURE_MEMBER_IMPORT_VISIBILITY = YES;
				SWIFT_VERSION = 5.0;
				TARGETED_DEVICE_FAMILY = 4;
				WATCHOS_DEPLOYMENT_TARGET = 26.2;
			};
			name = Debug;
		};
		7E87E9632F15F2850050060A /* Release */ = {
			isa = XCBuildConfiguration;
			buildSettings = {
				ASSETCATALOG_COMPILER_GLOBAL_ACCENT_COLOR_NAME = AccentColor;
				ASSETCATALOG_COMPILER_WIDGET_BACKGROUND_COLOR_NAME = WidgetBackground;
				CODE_SIGN_ENTITLEMENTS = RideWeatherComplicationsExtension.entitlements;
				CODE_SIGN_STYLE = Automatic;
				CURRENT_PROJECT_VERSION = 1;
				DEVELOPMENT_TEAM = DT58WA8N32;
				GENERATE_INFOPLIST_FILE = YES;
				INFOPLIST_FILE = RideWeatherComplications/Info.plist;
				INFOPLIST_KEY_CFBundleDisplayName = RideWeatherComplications;
				INFOPLIST_KEY_NSHumanReadableCopyright = "";
				LD_RUNPATH_SEARCH_PATHS = (
					"$(inherited)",
					"@executable_path/Frameworks",
					"@executable_path/../../Frameworks",
					"@executable_path/../../../../Frameworks",
				);
				MARKETING_VERSION = 1.0;
				PRODUCT_BUNDLE_IDENTIFIER = "-.RideWeather-Pro.watchkitapp.RideWeatherComplications";
				PRODUCT_NAME = "$(TARGET_NAME)";
				SDKROOT = watchos;
				SKIP_INSTALL = YES;
				STRING_CATALOG_GENERATE_SYMBOLS = YES;
				SWIFT_APPROACHABLE_CONCURRENCY = YES;
				SWIFT_EMIT_LOC_STRINGS = YES;
				SWIFT_UPCOMING_FEATURE_MEMBER_IMPORT_VISIBILITY = YES;
				SWIFT_VERSION = 5.0;
				TARGETED_DEVICE_FAMILY = 4;
				WATCHOS_DEPLOYMENT_TARGET = 26.2;
			};
			name = Release;
		};
/* End XCBuildConfiguration section */

/* Begin XCConfigurationList section */
		7E5B80A62E4C3B2D005D114F /* Build configuration list for PBXProject "RideWeather Pro" */ = {
			isa = XCConfigurationList;
			buildConfigurations = (
				7E5B80B62E4C3B2E005D114F /* Debug */,
				7E5B80B72E4C3B2E005D114F /* Release */,
			);
			defaultConfigurationIsVisible = 0;
			defaultConfigurationName = Release;
		};
		7E5B80B82E4C3B2E005D114F /* Build configuration list for PBXNativeTarget "RideWeather Pro" */ = {
			isa = XCConfigurationList;
			buildConfigurations = (
				7E5B80B92E4C3B2E005D114F /* Debug */,
				7E5B80BA2E4C3B2E005D114F /* Release */,
			);
			defaultConfigurationIsVisible = 0;
			defaultConfigurationName = Release;
		};
		7E87E9272F12EDC00050060A /* Build configuration list for PBXNativeTarget "RideWeatherWatch Watch App" */ = {
			isa = XCConfigurationList;
			buildConfigurations = (
				7E87E9282F12EDC00050060A /* Debug */,
				7E87E9292F12EDC00050060A /* Release */,
			);
			defaultConfigurationIsVisible = 0;
			defaultConfigurationName = Release;
		};
		7E87E9612F15F2850050060A /* Build configuration list for PBXNativeTarget "RideWeatherComplicationsExtension" */ = {
			isa = XCConfigurationList;
			buildConfigurations = (
				7E87E9622F15F2850050060A /* Debug */,
				7E87E9632F15F2850050060A /* Release */,
			);
			defaultConfigurationIsVisible = 0;
			defaultConfigurationName = Release;
		};
/* End XCConfigurationList section */

/* Begin XCRemoteSwiftPackageReference section */
		7E5B80E72E4CCAE8005D114F /* XCRemoteSwiftPackageReference "CoreGPX" */ = {
			isa = XCRemoteSwiftPackageReference;
			repositoryURL = "https://github.com/vincentneo/CoreGPX";
			requirement = {
				kind = upToNextMajorVersion;
				minimumVersion = 0.9.3;
			};
		};
		7E79A4742EE480DB0082A94C /* XCRemoteSwiftPackageReference "supabase-swift" */ = {
			isa = XCRemoteSwiftPackageReference;
			repositoryURL = "https://github.com/supabase/supabase-swift";
			requirement = {
				kind = upToNextMajorVersion;
				minimumVersion = 2.0.0;
			};
		};
		7E96CD272E7F7A2F009475FA /* XCRemoteSwiftPackageReference "fit-swift-sdk" */ = {
			isa = XCRemoteSwiftPackageReference;
			repositoryURL = "https://github.com/garmin/fit-swift-sdk.git";
			requirement = {
				kind = upToNextMajorVersion;
				minimumVersion = 21.178.0;
			};
		};
		7EAE7C382E6F35EE006C9634 /* XCRemoteSwiftPackageReference "Solar" */ = {
			isa = XCRemoteSwiftPackageReference;
			repositoryURL = "https://github.com/ceeK/Solar.git";
			requirement = {
				kind = upToNextMajorVersion;
				minimumVersion = 3.0.1;
			};
		};
		7EB9FF4F2E5CBFE000157204 /* XCRemoteSwiftPackageReference "FitFileParser" */ = {
			isa = XCRemoteSwiftPackageReference;
			repositoryURL = "https://github.com/roznet/FitFileParser";
			requirement = {
				kind = upToNextMajorVersion;
				minimumVersion = 1.5.2;
			};
		};
/* End XCRemoteSwiftPackageReference section */

/* Begin XCSwiftPackageProductDependency section */
		7E5B80E82E4CCAE8005D114F /* CoreGPX */ = {
			isa = XCSwiftPackageProductDependency;
			package = 7E5B80E72E4CCAE8005D114F /* XCRemoteSwiftPackageReference "CoreGPX" */;
			productName = CoreGPX;
		};
		7E79A4752EE480DB0082A94C /* Auth */ = {
			isa = XCSwiftPackageProductDependency;
			package = 7E79A4742EE480DB0082A94C /* XCRemoteSwiftPackageReference "supabase-swift" */;
			productName = Auth;
		};
		7E79A4772EE480DB0082A94C /* PostgREST */ = {
			isa = XCSwiftPackageProductDependency;
			package = 7E79A4742EE480DB0082A94C /* XCRemoteSwiftPackageReference "supabase-swift" */;
			productName = PostgREST;
		};
		7E79A4792EE480DB0082A94C /* Realtime */ = {
			isa = XCSwiftPackageProductDependency;
			package = 7E79A4742EE480DB0082A94C /* XCRemoteSwiftPackageReference "supabase-swift" */;
			productName = Realtime;
		};
		7E79A47B2EE480DB0082A94C /* Storage */ = {
			isa = XCSwiftPackageProductDependency;
			package = 7E79A4742EE480DB0082A94C /* XCRemoteSwiftPackageReference "supabase-swift" */;
			productName = Storage;
		};
		7E79A47D2EE480DB0082A94C /* Supabase */ = {
			isa = XCSwiftPackageProductDependency;
			package = 7E79A4742EE480DB0082A94C /* XCRemoteSwiftPackageReference "supabase-swift" */;
			productName = Supabase;
		};
		7E96CD282E7F7A2F009475FA /* FITSwiftSDK */ = {
			isa = XCSwiftPackageProductDependency;
			package = 7E96CD272E7F7A2F009475FA /* XCRemoteSwiftPackageReference "fit-swift-sdk" */;
			productName = FITSwiftSDK;
		};
		7EAE7C392E6F35EE006C9634 /* Solar */ = {
			isa = XCSwiftPackageProductDependency;
			package = 7EAE7C382E6F35EE006C9634 /* XCRemoteSwiftPackageReference "Solar" */;
			productName = Solar;
		};
		7EB9FF502E5CBFE000157204 /* FitFileParser */ = {
			isa = XCSwiftPackageProductDependency;
			package = 7EB9FF4F2E5CBFE000157204 /* XCRemoteSwiftPackageReference "FitFileParser" */;
			productName = FitFileParser;
		};
/* End XCSwiftPackageProductDependency section */
	};
	rootObject = 7E5B80A32E4C3B2D005D114F /* Project object */;
}
